
Microsoft Visual Studio Solution File, Format Version 12.00
# Visual Studio Version 16
VisualStudioVersion = 16.0.34301.259
MinimumVisualStudioVersion = 10.0.40219.1
Project("{FAE04EC0-301F-11D3-BF4B-00C04F79EFBC}") = "NumeroAleatorio_AL", "NumeroAleatorio_AL.csproj", "{3C7D670D-64FF-44A7-A8B8-0C8853F69F33}"
EndProject
Global
	GlobalSection(SolutionConfigurationPlatforms) = preSolution
		Debug|Any CPU = Debug|Any CPU
		Release|Any CPU = Release|Any CPU
	EndGlobalSection
	GlobalSection(ProjectConfigurationPlatforms) = postSolution
		{3C7D670D-64FF-44A7-A8B8-0C8853F69F33}.Debug|Any CPU.ActiveCfg = Debug|Any CPU
		{3C7D670D-64FF-44A7-A8B8-0C8853F69F33}.Debug|Any CPU.Build.0 = Debug|Any CPU
		{3C7D670D-64FF-44A7-A8B8-0C8853F69F33}.Release|Any CPU.ActiveCfg = Release|Any CPU
		{3C7D670D-64FF-44A7-A8B8-0C8853F69F33}.Release|Any CPU.Build.0 = Release|Any CPU
	EndGlobalSection
	GlobalSection(SolutionProperties) = preSolution
		HideSolutionNode = FALSE
	EndGlobalSection
	GlobalSection(ExtensibilityGlobals) = postSolution
		SolutionGuid = {C86E7B12-A4A5-40D6-A6B5-E683C2936B5D}
	EndGlobalSection
EndGlobal
